{
  "name": "AUNTIE",
  "version": "1.0.0",
  "lockfileVersion": 1,
  "requires": true,
  "dependencies": {
    "commonmark": {
      "version": "0.30.0",
      "resolved": "https://registry.npmjs.org/commonmark/-/commonmark-0.30.0.tgz",
      "integrity": "sha512-j1yoUo4gxPND1JWV9xj5ELih0yMv1iCWDG6eEQIPLSWLxzCXiFoyS7kvB+WwU+tZMf4snwJMMtaubV0laFpiBA==",
      "requires": {
        "entities": "~2.0",
        "mdurl": "~1.0.1",
        "minimist": ">=1.2.6",
        "string.prototype.repeat": "^0.2.0"
      }
    },
    "entities": {
      "version": "2.0.3",
      "resolved": "https://registry.npmjs.org/entities/-/entities-2.0.3.tgz",
      "integrity": "sha512-MyoZ0jgnLvB2X3Lg5HqpFmn1kybDiIfEQmKzTb5apr51Rb+T3KdmMiqa70T+bhGnyv7bQ6WMj2QMHpGMmlrUYQ=="
    },
    "html-prettify": {
      "version": "1.0.3",
      "resolved": "https://registry.npmjs.org/html-prettify/-/html-prettify-1.0.3.tgz",
      "integrity": "sha512-tbgHB/cFIAxqDW/wryyGEnd396qOtJIBf4q29kW2jdJy1Q7GYKl1LnoI28cKzMJG9UYZx0RGkUKTRMl0b6YZNg=="
    },
    "mdurl": {
      "version": "1.0.1",
      "resolved": "https://registry.npmjs.org/mdurl/-/mdurl-1.0.1.tgz",
      "integrity": "sha1-/oWy7HWlkDfyrf7BAP1sYBdhFS4="
    },
    "minimist": {
      "version": "1.2.5",
      "resolved": "https://registry.npmjs.org/minimist/-/minimist-1.2.5.tgz",
      "integrity": "sha512-FM9nNUYrRBAELZQT3xeZQ7fmMOBg6nWNmJKTcgsJeaLstP/UODVpGsr5OhXhhXg6f+qtJ8uiZ+PUxkDWcgIXLw=="
    },
    "n-readlines": {
      "version": "1.0.1",
      "resolved": "https://registry.npmjs.org/n-readlines/-/n-readlines-1.0.1.tgz",
      "integrity": "sha512-z4SyAIVgMy7CkgsoNw7YVz40v0g4+WWvvqy8+ZdHrCtgevcEO758WQyrYcw3XPxcLxF+//RszTz/rO48nzD0wQ=="
    },
    "sanitize-filename": {
      "version": "1.6.3",
      "resolved": "https://registry.npmjs.org/sanitize-filename/-/sanitize-filename-1.6.3.tgz",
      "integrity": "sha512-y/52Mcy7aw3gRm7IrcGDFx/bCk4AhRh2eI9luHOQM86nZsqwiRkkq2GekHXBBD+SmPidc8i2PqtYZl+pWJ8Oeg==",
      "requires": {
        "truncate-utf8-bytes": "^1.0.0"
      }
    },
    "sprintf-js": {
      "version": "1.1.2",
      "resolved": "https://registry.npmjs.org/sprintf-js/-/sprintf-js-1.1.2.tgz",
      "integrity": "sha512-VE0SOVEHCk7Qc8ulkWw3ntAzXuqf7S2lvwQaDLRnUeIEaKNQJzV6BwmLKhOqT61aGhfUMrXeaBk+oDGCzvhcug=="
    },
    "string.prototype.repeat": {
      "version": "0.2.0",
      "resolved": "https://registry.npmjs.org/string.prototype.repeat/-/string.prototype.repeat-0.2.0.tgz",
      "integrity": "sha1-q6Nt4I3O5qWjN9SbLqHaGyj8Ds8="
    },
    "strip-json-comments": {
      "version": "3.1.1",
      "resolved": "https://registry.npmjs.org/strip-json-comments/-/strip-json-comments-3.1.1.tgz",
      "integrity": "sha512-6fPc+R4ihwqP6N/aIv2f1gMH8lOVtWQHoqC4yK6oSDVVocumAsfCqjkXnqiYMhmMwS/mEHLp7Vehlt3ql6lEig=="
    },
    "truncate-utf8-bytes": {
      "version": "1.0.2",
      "resolved": "https://registry.npmjs.org/truncate-utf8-bytes/-/truncate-utf8-bytes-1.0.2.tgz",
      "integrity": "sha1-QFkjkJWS1W94pYGENLC3hInKXys=",
      "requires": {
        "utf8-byte-length": "^1.0.1"
      }
    },
    "utf8-byte-length": {
      "version": "1.0.4",
      "resolved": "https://registry.npmjs.org/utf8-byte-length/-/utf8-byte-length-1.0.4.tgz",
      "integrity": "sha1-9F8VDExm7uloGGUFq5P8u4rWv2E="
    },
    "wrap-text": {
      "version": "1.0.9",
      "resolved": "https://registry.npmjs.org/wrap-text/-/wrap-text-1.0.9.tgz",
      "integrity": "sha512-NWfjspSgMDXQIMpKM56AwCQPI01OMFRYYJBh6dGNCfH7AOl+j/VqqbiopgJ4VuQfSluqLc+2ekqaPNpYAGZ/Vg=="
    }
  }
}
